
Microsoft Visual Studio Solution File, Format Version 12.00
Project("{2150E333-8FDC-42A3-9474-1A3956D46DE8}") = "src", "src", "{96B98F33-C975-4DB1-B899-FBC33AB71A26}"
EndProject
Project("{2150E333-8FDC-42A3-9474-1A3956D46DE8}") = "Building Blocks", "Building Blocks", "{B7D5C0EE-9C5A-4E71-94C6-D02C16499F5F}"
EndProject
Project("{2150E333-8FDC-42A3-9474-1A3956D46DE8}") = "Services", "Services", "{86A947FC-7014-4AA5-BAA7-60C8E7D81CC9}"
EndProject
Project("{2150E333-8FDC-42A3-9474-1A3956D46DE8}") = "Core", "Core", "{61207EA4-6566-4A68-ABDF-F85B4AFFC375}"
EndProject
Project("{2150E333-8FDC-42A3-9474-1A3956D46DE8}") = "Services", "Services", "{B30EA11C-917A-4E0A-B026-46FB8B4EBF55}"
EndProject
Project("{FAE04EC0-301F-11D3-BF4B-00C04F79EFBC}") = "NSE.Core", "src\building blocks\NSE.Core\NSE.Core.csproj", "{9DE7966F-3EE6-4C5C-95DB-8723912D9172}"
EndProject
Project("{FAE04EC0-301F-11D3-BF4B-00C04F79EFBC}") = "NSE.WebAPI.Core", "src\building blocks\NSE.WebAPI.Core\NSE.WebAPI.Core.csproj", "{148AC96E-A199-457C-B257-B10423829671}"
EndProject
Project("{2150E333-8FDC-42A3-9474-1A3956D46DE8}") = "Catalog", "Catalog", "{CEDDFA47-F7AA-4D31-9917-3632090FBBDE}"
EndProject
Project("{2150E333-8FDC-42A3-9474-1A3956D46DE8}") = "Customer", "Customer", "{EAA9BE77-0F12-408C-97BF-275D6C23B812}"
EndProject
Project("{2150E333-8FDC-42A3-9474-1A3956D46DE8}") = "Identity", "Identity", "{445CBA76-ABC4-4A98-B4B1-36923E3CA946}"
EndProject
Project("{FAE04EC0-301F-11D3-BF4B-00C04F79EFBC}") = "NSE.Customer.API", "src\services\NSE.Customer.API\NSE.Customer.API.csproj", "{0B80704B-98CA-4303-8428-78597F842CCD}"
EndProject
Project("{FAE04EC0-301F-11D3-BF4B-00C04F79EFBC}") = "NSE.Catalog.API", "src\services\NSE.Catalog.API\NSE.Catalog.API.csproj", "{54292CAF-9652-4689-A264-EC382BCBBF70}"
EndProject
Project("{FAE04EC0-301F-11D3-BF4B-00C04F79EFBC}") = "NSE.Identity.API", "src\services\NSE.Identity.API\NSE.Identity.API.csproj", "{BE6FC1A6-E6EB-4A00-99CA-3C3E9D98B19F}"
EndProject
Global
	GlobalSection(SolutionConfigurationPlatforms) = preSolution
		Debug|Any CPU = Debug|Any CPU
		Release|Any CPU = Release|Any CPU
	EndGlobalSection
	GlobalSection(NestedProjects) = preSolution
		{B7D5C0EE-9C5A-4E71-94C6-D02C16499F5F} = {96B98F33-C975-4DB1-B899-FBC33AB71A26}
		{86A947FC-7014-4AA5-BAA7-60C8E7D81CC9} = {96B98F33-C975-4DB1-B899-FBC33AB71A26}
		{61207EA4-6566-4A68-ABDF-F85B4AFFC375} = {B7D5C0EE-9C5A-4E71-94C6-D02C16499F5F}
		{B30EA11C-917A-4E0A-B026-46FB8B4EBF55} = {B7D5C0EE-9C5A-4E71-94C6-D02C16499F5F}
		{9DE7966F-3EE6-4C5C-95DB-8723912D9172} = {61207EA4-6566-4A68-ABDF-F85B4AFFC375}
		{148AC96E-A199-457C-B257-B10423829671} = {B30EA11C-917A-4E0A-B026-46FB8B4EBF55}
		{CEDDFA47-F7AA-4D31-9917-3632090FBBDE} = {86A947FC-7014-4AA5-BAA7-60C8E7D81CC9}
		{EAA9BE77-0F12-408C-97BF-275D6C23B812} = {86A947FC-7014-4AA5-BAA7-60C8E7D81CC9}
		{445CBA76-ABC4-4A98-B4B1-36923E3CA946} = {86A947FC-7014-4AA5-BAA7-60C8E7D81CC9}
		{0B80704B-98CA-4303-8428-78597F842CCD} = {EAA9BE77-0F12-408C-97BF-275D6C23B812}
		{54292CAF-9652-4689-A264-EC382BCBBF70} = {CEDDFA47-F7AA-4D31-9917-3632090FBBDE}
		{BE6FC1A6-E6EB-4A00-99CA-3C3E9D98B19F} = {445CBA76-ABC4-4A98-B4B1-36923E3CA946}
	EndGlobalSection
	GlobalSection(ProjectConfigurationPlatforms) = postSolution
		{9DE7966F-3EE6-4C5C-95DB-8723912D9172}.Debug|Any CPU.ActiveCfg = Debug|Any CPU
		{9DE7966F-3EE6-4C5C-95DB-8723912D9172}.Debug|Any CPU.Build.0 = Debug|Any CPU
		{9DE7966F-3EE6-4C5C-95DB-8723912D9172}.Release|Any CPU.ActiveCfg = Release|Any CPU
		{9DE7966F-3EE6-4C5C-95DB-8723912D9172}.Release|Any CPU.Build.0 = Release|Any CPU
		{148AC96E-A199-457C-B257-B10423829671}.Debug|Any CPU.ActiveCfg = Debug|Any CPU
		{148AC96E-A199-457C-B257-B10423829671}.Debug|Any CPU.Build.0 = Debug|Any CPU
		{148AC96E-A199-457C-B257-B10423829671}.Release|Any CPU.ActiveCfg = Release|Any CPU
		{148AC96E-A199-457C-B257-B10423829671}.Release|Any CPU.Build.0 = Release|Any CPU
		{0B80704B-98CA-4303-8428-78597F842CCD}.Debug|Any CPU.ActiveCfg = Debug|Any CPU
		{0B80704B-98CA-4303-8428-78597F842CCD}.Debug|Any CPU.Build.0 = Debug|Any CPU
		{0B80704B-98CA-4303-8428-78597F842CCD}.Release|Any CPU.ActiveCfg = Release|Any CPU
		{0B80704B-98CA-4303-8428-78597F842CCD}.Release|Any CPU.Build.0 = Release|Any CPU
		{54292CAF-9652-4689-A264-EC382BCBBF70}.Debug|Any CPU.ActiveCfg = Debug|Any CPU
		{54292CAF-9652-4689-A264-EC382BCBBF70}.Debug|Any CPU.Build.0 = Debug|Any CPU
		{54292CAF-9652-4689-A264-EC382BCBBF70}.Release|Any CPU.ActiveCfg = Release|Any CPU
		{54292CAF-9652-4689-A264-EC382BCBBF70}.Release|Any CPU.Build.0 = Release|Any CPU
		{BE6FC1A6-E6EB-4A00-99CA-3C3E9D98B19F}.Debug|Any CPU.ActiveCfg = Debug|Any CPU
		{BE6FC1A6-E6EB-4A00-99CA-3C3E9D98B19F}.Debug|Any CPU.Build.0 = Debug|Any CPU
		{BE6FC1A6-E6EB-4A00-99CA-3C3E9D98B19F}.Release|Any CPU.ActiveCfg = Release|Any CPU
		{BE6FC1A6-E6EB-4A00-99CA-3C3E9D98B19F}.Release|Any CPU.Build.0 = Release|Any CPU
	EndGlobalSection
EndGlobal
